// !$*UTF8*$!
{
	archiveVersion = 1;
	classes = {
	};
	objectVersion = 46;
	objects = {

/* Begin PBXBuildFile section */
		C22197A81D9AD35400AA10E2 /* main.m in Sources */ = {isa = PBXBuildFile; fileRef = C22197A71D9AD35400AA10E2 /* main.m */; };
		C22197AB1D9AD35400AA10E2 /* AppDelegate.m in Sources */ = {isa = PBXBuildFile; fileRef = C22197AA1D9AD35400AA10E2 /* AppDelegate.m */; };
		C22197AE1D9AD35400AA10E2 /* ViewController.m in Sources */ = {isa = PBXBuildFile; fileRef = C22197AD1D9AD35400AA10E2 /* ViewController.m */; };
		C22197B11D9AD35400AA10E2 /* Main.storyboard in Resources */ = {isa = PBXBuildFile; fileRef = C22197AF1D9AD35400AA10E2 /* Main.storyboard */; };
		C22197B31D9AD35400AA10E2 /* Assets.xcassets in Resources */ = {isa = PBXBuildFile; fileRef = C22197B21D9AD35400AA10E2 /* Assets.xcassets */; };
		C22197B61D9AD35400AA10E2 /* LaunchScreen.storyboard in Resources */ = {isa = PBXBuildFile; fileRef = C22197B41D9AD35400AA10E2 /* LaunchScreen.storyboard */; };
		C22197C11D9AD35400AA10E2 /* AECollapsableTableViewDemoTests.m in Sources */ = {isa = PBXBuildFile; fileRef = C22197C01D9AD35400AA10E2 /* AECollapsableTableViewDemoTests.m */; };
		C22197CC1D9AD35400AA10E2 /* AECollapsableTableViewDemoUITests.m in Sources */ = {isa = PBXBuildFile; fileRef = C22197CB1D9AD35400AA10E2 /* AECollapsableTableViewDemoUITests.m */; };
		C22197E11D9B997000AA10E2 /* HeaderView.xib in Resources */ = {isa = PBXBuildFile; fileRef = C22197E01D9B997000AA10E2 /* HeaderView.xib */; };
		C22197E41D9BC22E00AA10E2 /* HeaderView.m in Sources */ = {isa = PBXBuildFile; fileRef = C22197E31D9BC22E00AA10E2 /* HeaderView.m */; };
		C22197E81D9BC26C00AA10E2 /* AECollapsableTableView.m in Sources */ = {isa = PBXBuildFile; fileRef = C22197E71D9BC26C00AA10E2 /* AECollapsableTableView.m */; };
/* End PBXBuildFile section */

/* Begin PBXContainerItemProxy section */
		C22197BD1D9AD35400AA10E2 /* PBXContainerItemProxy */ = {
			isa = PBXContainerItemProxy;
			containerPortal = C221979B1D9AD35400AA10E2 /* Project object */;
			proxyType = 1;
			remoteGlobalIDString = C22197A21D9AD35400AA10E2;
			remoteInfo = AECollapsableTableViewDemo;
		};
		C22197C81D9AD35400AA10E2 /* PBXContainerItemProxy */ = {
			isa = PBXContainerItemProxy;
			containerPortal = C221979B1D9AD35400AA10E2 /* Project object */;
			proxyType = 1;
			remoteGlobalIDString = C22197A21D9AD35400AA10E2;
			remoteInfo = AECollapsableTableViewDemo;
		};
/* End PBXContainerItemProxy section */

/* Begin PBXFileReference section */
		C22197A31D9AD35400AA10E2 /* AECollapsableTableViewDemo.app */ = {isa = PBXFileReference; explicitFileType = wrapper.application; includeInIndex = 0; path = AECollapsableTableViewDemo.app; sourceTree = BUILT_PRODUCTS_DIR; };
		C22197A71D9AD35400AA10E2 /* main.m */ = {isa = PBXFileReference; lastKnownFileType = sourcecode.c.objc; path = main.m; sourceTree = "<group>"; };
		C22197A91D9AD35400AA10E2 /* AppDelegate.h */ = {isa = PBXFileReference; lastKnownFileType = sourcecode.c.h; path = AppDelegate.h; sourceTree = "<group>"; };
		C22197AA1D9AD35400AA10E2 /* AppDelegate.m */ = {isa = PBXFileReference; lastKnownFileType = sourcecode.c.objc; path = AppDelegate.m; sourceTree = "<group>"; };
		C22197AC1D9AD35400AA10E2 /* ViewController.h */ = {isa = PBXFileReference; lastKnownFileType = sourcecode.c.h; path = ViewController.h; sourceTree = "<group>"; };
		C22197AD1D9AD35400AA10E2 /* ViewController.m */ = {isa = PBXFileReference; lastKnownFileType = sourcecode.c.objc; path = ViewController.m; sourceTree = "<group>"; };
		C22197B01D9AD35400AA10E2 /* Base */ = {isa = PBXFileReference; lastKnownFileType = file.storyboard; name = Base; path = Base.lproj/Main.storyboard; sourceTree = "<group>"; };
		C22197B21D9AD35400AA10E2 /* Assets.xcassets */ = {isa = PBXFileReference; lastKnownFileType = folder.assetcatalog; path = Assets.xcassets; sourceTree = "<group>"; };
		C22197B51D9AD35400AA10E2 /* Base */ = {isa = PBXFileReference; lastKnownFileType = file.storyboard; name = Base; path = Base.lproj/LaunchScreen.storyboard; sourceTree = "<group>"; };
		C22197B71D9AD35400AA10E2 /* Info.plist */ = {isa = PBXFileReference; lastKnownFileType = text.plist.xml; path = Info.plist; sourceTree = "<group>"; };
		C22197BC1D9AD35400AA10E2 /* AECollapsableTableViewDemoTests.xctest */ = {isa = PBXFileReference; explicitFileType = wrapper.cfbundle; includeInIndex = 0; path = AECollapsableTableViewDemoTests.xctest; sourceTree = BUILT_PRODUCTS_DIR; };
		C22197C01D9AD35400AA10E2 /* AECollapsableTableViewDemoTests.m */ = {isa = PBXFileReference; lastKnownFileType = sourcecode.c.objc; path = AECollapsableTableViewDemoTests.m; sourceTree = "<group>"; };
		C22197C21D9AD35400AA10E2 /* Info.plist */ = {isa = PBXFileReference; lastKnownFileType = text.plist.xml; path = Info.plist; sourceTree = "<group>"; };
		C22197C71D9AD35400AA10E2 /* AECollapsableTableViewDemoUITests.xctest */ = {isa = PBXFileReference; explicitFileType = wrapper.cfbundle; includeInIndex = 0; path = AECollapsableTableViewDemoUITests.xctest; sourceTree = BUILT_PRODUCTS_DIR; };
		C22197CB1D9AD35400AA10E2 /* AECollapsableTableViewDemoUITests.m */ = {isa = PBXFileReference; lastKnownFileType = sourcecode.c.objc; path = AECollapsableTableViewDemoUITests.m; sourceTree = "<group>"; };
		C22197CD1D9AD35400AA10E2 /* Info.plist */ = {isa = PBXFileReference; lastKnownFileType = text.plist.xml; path = Info.plist; sourceTree = "<group>"; };
		C22197E01D9B997000AA10E2 /* HeaderView.xib */ = {isa = PBXFileReference; fileEncoding = 4; lastKnownFileType = file.xib; path = HeaderView.xib; sourceTree = "<group>"; };
		C22197E21D9BC22E00AA10E2 /* HeaderView.h */ = {isa = PBXFileReference; fileEncoding = 4; lastKnownFileType = sourcecode.c.h; path = HeaderView.h; sourceTree = "<group>"; };
		C22197E31D9BC22E00AA10E2 /* HeaderView.m */ = {isa = PBXFileReference; fileEncoding = 4; lastKnownFileType = sourcecode.c.objc; path = HeaderView.m; sourceTree = "<group>"; };
		C22197E61D9BC26C00AA10E2 /* AECollapsableTableView.h */ = {isa = PBXFileReference; fileEncoding = 4; lastKnownFileType = sourcecode.c.h; path = AECollapsableTableView.h; sourceTree = "<group>"; };
		C22197E71D9BC26C00AA10E2 /* AECollapsableTableView.m */ = {isa = PBXFileReference; fileEncoding = 4; lastKnownFileType = sourcecode.c.objc; path = AECollapsableTableView.m; sourceTree = "<group>"; };
/* End PBXFileReference section */

/* Begin PBXFrameworksBuildPhase section */
		C22197A01D9AD35400AA10E2 /* Frameworks */ = {
			isa = PBXFrameworksBuildPhase;
			buildActionMask = 2147483647;
			files = (
			);
			runOnlyForDeploymentPostprocessing = 0;
		};
		C22197B91D9AD35400AA10E2 /* Frameworks */ = {
			isa = PBXFrameworksBuildPhase;
			buildActionMask = 2147483647;
			files = (
			);
			runOnlyForDeploymentPostprocessing = 0;
		};
		C22197C41D9AD35400AA10E2 /* Frameworks */ = {
			isa = PBXFrameworksBuildPhase;
			buildActionMask = 2147483647;
			files = (
			);
			runOnlyForDeploymentPostprocessing = 0;
		};
/* End PBXFrameworksBuildPhase section */

/* Begin PBXGroup section */
		C221979A1D9AD35400AA10E2 = {
			isa = PBXGroup;
			children = (
				C22197E51D9BC26C00AA10E2 /* AECollapsableTableView */,
				C22197A51D9AD35400AA10E2 /* AECollapsableTableViewDemo */,
				C22197BF1D9AD35400AA10E2 /* AECollapsableTableViewDemoTests */,
				C22197CA1D9AD35400AA10E2 /* AECollapsableTableViewDemoUITests */,
				C22197A41D9AD35400AA10E2 /* Products */,
			);
			sourceTree = "<group>";
		};
		C22197A41D9AD35400AA10E2 /* Products */ = {
			isa = PBXGroup;
			children = (
				C22197A31D9AD35400AA10E2 /* AECollapsableTableViewDemo.app */,
				C22197BC1D9AD35400AA10E2 /* AECollapsableTableViewDemoTests.xctest */,
				C22197C71D9AD35400AA10E2 /* AECollapsableTableViewDemoUITests.xctest */,
			);
			name = Products;
			sourceTree = "<group>";
		};
		C22197A51D9AD35400AA10E2 /* AECollapsableTableViewDemo */ = {
			isa = PBXGroup;
			children = (
				C22197E21D9BC22E00AA10E2 /* HeaderView.h */,
				C22197E31D9BC22E00AA10E2 /* HeaderView.m */,
				C22197A91D9AD35400AA10E2 /* AppDelegate.h */,
				C22197AA1D9AD35400AA10E2 /* AppDelegate.m */,
				C22197AC1D9AD35400AA10E2 /* ViewController.h */,
				C22197AD1D9AD35400AA10E2 /* ViewController.m */,
				C22197AF1D9AD35400AA10E2 /* Main.storyboard */,
				C22197B21D9AD35400AA10E2 /* Assets.xcassets */,
				C22197B41D9AD35400AA10E2 /* LaunchScreen.storyboard */,
				C22197B71D9AD35400AA10E2 /* Info.plist */,
				C22197A61D9AD35400AA10E2 /* Supporting Files */,
				C22197E01D9B997000AA10E2 /* HeaderView.xib */,
			);
			path = AECollapsableTableViewDemo;
			sourceTree = "<group>";
		};
		C22197A61D9AD35400AA10E2 /* Supporting Files */ = {
			isa = PBXGroup;
			children = (
				C22197A71D9AD35400AA10E2 /* main.m */,
			);
			name = "Supporting Files";
			sourceTree = "<group>";
		};
		C22197BF1D9AD35400AA10E2 /* AECollapsableTableViewDemoTests */ = {
			isa = PBXGroup;
			children = (
				C22197C01D9AD35400AA10E2 /* AECollapsableTableViewDemoTests.m */,
				C22197C21D9AD35400AA10E2 /* Info.plist */,
			);
			path = AECollapsableTableViewDemoTests;
			sourceTree = "<group>";
		};
		C22197CA1D9AD35400AA10E2 /* AECollapsableTableViewDemoUITests */ = {
			isa = PBXGroup;
			children = (
				C22197CB1D9AD35400AA10E2 /* AECollapsableTableViewDemoUITests.m */,
				C22197CD1D9AD35400AA10E2 /* Info.plist */,
			);
			path = AECollapsableTableViewDemoUITests;
			sourceTree = "<group>";
		};
		C22197E51D9BC26C00AA10E2 /* AECollapsableTableView */ = {
			isa = PBXGroup;
			children = (
				C22197E61D9BC26C00AA10E2 /* AECollapsableTableView.h */,
				C22197E71D9BC26C00AA10E2 /* AECollapsableTableView.m */,
			);
			path = AECollapsableTableView;
			sourceTree = "<group>";
		};
/* End PBXGroup section */

/* Begin PBXNativeTarget section */
		C22197A21D9AD35400AA10E2 /* AECollapsableTableViewDemo */ = {
			isa = PBXNativeTarget;
			buildConfigurationList = C22197D01D9AD35400AA10E2 /* Build configuration list for PBXNativeTarget "AECollapsableTableViewDemo" */;
			buildPhases = (
				C221979F1D9AD35400AA10E2 /* Sources */,
				C22197A01D9AD35400AA10E2 /* Frameworks */,
				C22197A11D9AD35400AA10E2 /* Resources */,
			);
			buildRules = (
			);
			dependencies = (
			);
			name = AECollapsableTableViewDemo;
			productName = AECollapsableTableViewDemo;
			productReference = C22197A31D9AD35400AA10E2 /* AECollapsableTableViewDemo.app */;
			productType = "com.apple.product-type.application";
		};
		C22197BB1D9AD35400AA10E2 /* AECollapsableTableViewDemoTests */ = {
			isa = PBXNativeTarget;
			buildConfigurationList = C22197D31D9AD35400AA10E2 /* Build configuration list for PBXNativeTarget "AECollapsableTableViewDemoTests" */;
			buildPhases = (
				C22197B81D9AD35400AA10E2 /* Sources */,
				C22197B91D9AD35400AA10E2 /* Frameworks */,
				C22197BA1D9AD35400AA10E2 /* Resources */,
			);
			buildRules = (
			);
			dependencies = (
				C22197BE1D9AD35400AA10E2 /* PBXTargetDependency */,
			);
			name = AECollapsableTableViewDemoTests;
			productName = AECollapsableTableViewDemoTests;
			productReference = C22197BC1D9AD35400AA10E2 /* AECollapsableTableViewDemoTests.xctest */;
			productType = "com.apple.product-type.bundle.unit-test";
		};
		C22197C61D9AD35400AA10E2 /* AECollapsableTableViewDemoUITests */ = {
			isa = PBXNativeTarget;
			buildConfigurationList = C22197D61D9AD35400AA10E2 /* Build configuration list for PBXNativeTarget "AECollapsableTableViewDemoUITests" */;
			buildPhases = (
				C22197C31D9AD35400AA10E2 /* Sources */,
				C22197C41D9AD35400AA10E2 /* Frameworks */,
				C22197C51D9AD35400AA10E2 /* Resources */,
			);
			buildRules = (
			);
			dependencies = (
				C22197C91D9AD35400AA10E2 /* PBXTargetDependency */,
			);
			name = AECollapsableTableViewDemoUITests;
			productName = AECollapsableTableViewDemoUITests;
			productReference = C22197C71D9AD35400AA10E2 /* AECollapsableTableViewDemoUITests.xctest */;
			productType = "com.apple.product-type.bundle.ui-testing";
		};
/* End PBXNativeTarget section */

/* Begin PBXProject section */
		C221979B1D9AD35400AA10E2 /* Project object */ = {
			isa = PBXProject;
			attributes = {
				LastUpgradeCheck = 0800;
				ORGANIZATIONNAME = amberease;
				TargetAttributes = {
					C22197A21D9AD35400AA10E2 = {
						CreatedOnToolsVersion = 8.0;
						DevelopmentTeam = U6F56T5F9L;
						ProvisioningStyle = Automatic;
					};
					C22197BB1D9AD35400AA10E2 = {
						CreatedOnToolsVersion = 8.0;
						ProvisioningStyle = Automatic;
						TestTargetID = C22197A21D9AD35400AA10E2;
					};
					C22197C61D9AD35400AA10E2 = {
						CreatedOnToolsVersion = 8.0;
						ProvisioningStyle = Automatic;
						TestTargetID = C22197A21D9AD35400AA10E2;
					};
				};
			};
			buildConfigurationList = C221979E1D9AD35400AA10E2 /* Build configuration list for PBXProject "AECollapsableTableViewDemo" */;
			compatibilityVersion = "Xcode 3.2";
			developmentRegion = English;
			hasScannedForEncodings = 0;
			knownRegions = (
				en,
				Base,
			);
			mainGroup = C221979A1D9AD35400AA10E2;
			productRefGroup = C22197A41D9AD35400AA10E2 /* Products */;
			projectDirPath = "";
			projectRoot = "";
			targets = (
				C22197A21D9AD35400AA10E2 /* AECollapsableTableViewDemo */,
				C22197BB1D9AD35400AA10E2 /* AECollapsableTableViewDemoTests */,
				C22197C61D9AD35400AA10E2 /* AECollapsableTableViewDemoUITests */,
			);
		};
/* End PBXProject section */

/* Begin PBXResourcesBuildPhase section */
		C22197A11D9AD35400AA10E2 /* Resources */ = {
			isa = PBXResourcesBuildPhase;
			buildActionMask = 2147483647;
			files = (
				C22197B61D9AD35400AA10E2 /* LaunchScreen.storyboard in Resources */,
				C22197B31D9AD35400AA10E2 /* Assets.xcassets in Resources */,
				C22197B11D9AD35400AA10E2 /* Main.storyboard in Resources */,
				C22197E11D9B997000AA10E2 /* HeaderView.xib in Resources */,
			);
			runOnlyForDeploymentPostprocessing = 0;
		};
		C22197BA1D9AD35400AA10E2 /* Resources */ = {
			isa = PBXResourcesBuildPhase;
			buildActionMask = 2147483647;
			files = (
			);
			runOnlyForDeploymentPostprocessing = 0;
		};
		C22197C51D9AD35400AA10E2 /* Resources */ = {
			isa = PBXResourcesBuildPhase;
			buildActionMask = 2147483647;
			files = (
			);
			runOnlyForDeploymentPostprocessing = 0;
		};
/* End PBXResourcesBuildPhase section */

/* Begin PBXSourcesBuildPhase section */
		C221979F1D9AD35400AA10E2 /* Sources */ = {
			isa = PBXSourcesBuildPhase;
			buildActionMask = 2147483647;
			files = (
				C22197AE1D9AD35400AA10E2 /* ViewController.m in Sources */,
				C22197E41D9BC22E00AA10E2 /* HeaderView.m in Sources */,
				C22197E81D9BC26C00AA10E2 /* AECollapsableTableView.m in Sources */,
				C22197AB1D9AD35400AA10E2 /* AppDelegate.m in Sources */,
				C22197A81D9AD35400AA10E2 /* main.m in Sources */,
			);
			runOnlyForDeploymentPostprocessing = 0;
		};
		C22197B81D9AD35400AA10E2 /* Sources */ = {
			isa = PBXSourcesBuildPhase;
			buildActionMask = 2147483647;
			files = (
				C22197C11D9AD35400AA10E2 /* AECollapsableTableViewDemoTests.m in Sources */,
			);
			runOnlyForDeploymentPostprocessing = 0;
		};
		C22197C31D9AD35400AA10E2 /* Sources */ = {
			isa = PBXSourcesBuildPhase;
			buildActionMask = 2147483647;
			files = (
				C22197CC1D9AD35400AA10E2 /* AECollapsableTableViewDemoUITests.m in Sources */,
			);
			runOnlyForDeploymentPostprocessing = 0;
		};
/* End PBXSourcesBuildPhase section */

/* Begin PBXTargetDependency section */
		C22197BE1D9AD35400AA10E2 /* PBXTargetDependency */ = {
			isa = PBXTargetDependency;
			target = C22197A21D9AD35400AA10E2 /* AECollapsableTableViewDemo */;
			targetProxy = C22197BD1D9AD35400AA10E2 /* PBXContainerItemProxy */;
		};
		C22197C91D9AD35400AA10E2 /* PBXTargetDependency */ = {
			isa = PBXTargetDependency;
			target = C22197A21D9AD35400AA10E2 /* AECollapsableTableViewDemo */;
			targetProxy = C22197C81D9AD35400AA10E2 /* PBXContainerItemProxy */;
		};
/* End PBXTargetDependency section */

/* Begin PBXVariantGroup section */
		C22197AF1D9AD35400AA10E2 /* Main.storyboard */ = {
			isa = PBXVariantGroup;
			children = (
				C22197B01D9AD35400AA10E2 /* Base */,
			);
			name = Main.storyboard;
			sourceTree = "<group>";
		};
		C22197B41D9AD35400AA10E2 /* LaunchScreen.storyboard */ = {
			isa = PBXVariantGroup;
			children = (
				C22197B51D9AD35400AA10E2 /* Base */,
			);
			name = LaunchScreen.storyboard;
			sourceTree = "<group>";
		};
/* End PBXVariantGroup section */

/* Begin XCBuildConfiguration section */
		C22197CE1D9AD35400AA10E2 /* Debug */ = {
			isa = XCBuildConfiguration;
			buildSettings = {
				ALWAYS_SEARCH_USER_PATHS = NO;
				CLANG_ANALYZER_NONNULL = YES;
				CLANG_CXX_LANGUAGE_STANDARD = "gnu++0x";
				CLANG_CXX_LIBRARY = "libc++";
				CLANG_ENABLE_MODULES = YES;
				CLANG_ENABLE_OBJC_ARC = YES;
				CLANG_WARN_BOOL_CONVERSION = YES;
				CLANG_WARN_CONSTANT_CONVERSION = YES;
				CLANG_WARN_DIRECT_OBJC_ISA_USAGE = YES_ERROR;
				CLANG_WARN_DOCUMENTATION_COMMENTS = YES;
				CLANG_WARN_EMPTY_BODY = YES;
				CLANG_WARN_ENUM_CONVERSION = YES;
				CLANG_WARN_INFINITE_RECURSION = YES;
				CLANG_WARN_INT_CONVERSION = YES;
				CLANG_WARN_OBJC_ROOT_CLASS = YES_ERROR;
				CLANG_WARN_SUSPICIOUS_MOVES = YES;
				CLANG_WARN_UNREACHABLE_CODE = YES;
				CLANG_WARN__DUPLICATE_METHOD_MATCH = YES;
				"CODE_SIGN_IDENTITY[sdk=iphoneos*]" = "iPhone Developer";
				COPY_PHASE_STRIP = NO;
				DEBUG_INFORMATION_FORMAT = dwarf;
				ENABLE_STRICT_OBJC_MSGSEND = YES;
				ENABLE_TESTABILITY = YES;
				GCC_C_LANGUAGE_STANDARD = gnu99;
				GCC_DYNAMIC_NO_PIC = NO;
				GCC_NO_COMMON_BLOCKS = YES;
				GCC_OPTIMIZATION_LEVEL = 0;
				GCC_PREPROCESSOR_DEFINITIONS = (
					"DEBUG=1",
					"$(inherited)",
				);
				GCC_WARN_64_TO_32_BIT_CONVERSION = YES;
				GCC_WARN_ABOUT_RETURN_TYPE = YES_ERROR;
				GCC_WARN_UNDECLARED_SELECTOR = YES;
				GCC_WARN_UNINITIALIZED_AUTOS = YES_AGGRESSIVE;
				GCC_WARN_UNUSED_FUNCTION = YES;
				GCC_WARN_UNUSED_VARIABLE = YES;
				IPHONEOS_DEPLOYMENT_TARGET = 10.0;
				MTL_ENABLE_DEBUG_INFO = YES;
				ONLY_ACTIVE_ARCH = YES;
				SDKROOT = iphoneos;
			};
			name = Debug;
		};
		C22197CF1D9AD35400AA10E2 /* Release */ = {
			isa = XCBuildConfiguration;
			buildSettings = {
				ALWAYS_SEARCH_USER_PATHS = NO;
				CLANG_ANALYZER_NONNULL = YES;
				CLANG_CXX_LANGUAGE_STANDARD = "gnu++0x";
				CLANG_CXX_LIBRARY = "libc++";
				CLANG_ENABLE_MODULES = YES;
				CLANG_ENABLE_OBJC_ARC = YES;
				CLANG_WARN_BOOL_CONVERSION = YES;
				CLANG_WARN_CONSTANT_CONVERSION = YES;
				CLANG_WARN_DIRECT_OBJC_ISA_USAGE = YES_ERROR;
				CLANG_WARN_DOCUMENTATION_COMMENTS = YES;
				CLANG_WARN_EMPTY_BODY = YES;
				CLANG_WARN_ENUM_CONVERSION = YES;
				CLANG_WARN_INFINITE_RECURSION = YES;
				CLANG_WARN_INT_CONVERSION = YES;
				CLANG_WARN_OBJC_ROOT_CLASS = YES_ERROR;
				CLANG_WARN_SUSPICIOUS_MOVES = YES;
				CLANG_WARN_UNREACHABLE_CODE = YES;
				CLANG_WARN__DUPLICATE_METHOD_MATCH = YES;
				"CODE_SIGN_IDENTITY[sdk=iphoneos*]" = "iPhone Developer";
				COPY_PHASE_STRIP = NO;
				DEBUG_INFORMATION_FORMAT = "dwarf-with-dsym";
				ENABLE_NS_ASSERTIONS = NO;
				ENABLE_STRICT_OBJC_MSGSEND = YES;
				GCC_C_LANGUAGE_STANDARD = gnu99;
				GCC_NO_COMMON_BLOCKS = YES;
				GCC_WARN_64_TO_32_BIT_CONVERSION = YES;
				GCC_WARN_ABOUT_RETURN_TYPE = YES_ERROR;
				GCC_WARN_UNDECLARED_SELECTOR = YES;
				GCC_WARN_UNINITIALIZED_AUTOS = YES_AGGRESSIVE;
				GCC_WARN_UNUSED_FUNCTION = YES;
				GCC_WARN_UNUSED_VARIABLE = YES;
				IPHONEOS_DEPLOYMENT_TARGET = 10.0;
				MTL_ENABLE_DEBUG_INFO = NO;
				SDKROOT = iphoneos;
				VALIDATE_PRODUCT = YES;
			};
			name = Release;
		};
		C22197D11D9AD35400AA10E2 /* Debug */ = {
			isa = XCBuildConfiguration;
			buildSettings = {
				ASSETCATALOG_COMPILER_APPICON_NAME = AppIcon;
				DEVELOPMENT_TEAM = U6F56T5F9L;
				INFOPLIST_FILE = AECollapsableTableViewDemo/Info.plist;
				IPHONEOS_DEPLOYMENT_TARGET = 9.3;
				LD_RUNPATH_SEARCH_PATHS = "$(inherited) @executable_path/Frameworks";
				PRODUCT_BUNDLE_IDENTIFIER = com.amberease.AECollapsableTableViewDemo;
				PRODUCT_NAME = "$(TARGET_NAME)";
			};
			name = Debug;
		};
		C22197D21D9AD35400AA10E2 /* Release */ = {
			isa = XCBuildConfiguration;
			buildSettings = {
				ASSETCATALOG_COMPILER_APPICON_NAME = AppIcon;
				DEVELOPMENT_TEAM = U6F56T5F9L;
				INFOPLIST_FILE = AECollapsableTableViewDemo/Info.plist;
				IPHONEOS_DEPLOYMENT_TARGET = 9.3;
				LD_RUNPATH_SEARCH_PATHS = "$(inherited) @executable_path/Frameworks";
				PRODUCT_BUNDLE_IDENTIFIER = com.amberease.AECollapsableTableViewDemo;
				PRODUCT_NAME = "$(TARGET_NAME)";
			};
			name = Release;
		};
		C22197D41D9AD35400AA10E2 /* Debug */ = {
			isa = XCBuildConfiguration;
			buildSettings = {
				BUNDLE_LOADER = "$(TEST_HOST)";
				INFOPLIST_FILE = AECollapsableTableViewDemoTests/Info.plist;
				LD_RUNPATH_SEARCH_PATHS = "$(inherited) @executable_path/Frameworks @loader_path/Frameworks";
				PRODUCT_BUNDLE_IDENTIFIER = com.amberease.AECollapsableTableViewDemoTests;
				PRODUCT_NAME = "$(TARGET_NAME)";
				TEST_HOST = "$(BUILT_PRODUCTS_DIR)/AECollapsableTableViewDemo.app/AECollapsableTableViewDemo";
			};
			name = Debug;
		};
		C22197D51D9AD35400AA10E2 /* Release */ = {
			isa = XCBuildConfiguration;
			buildSettings = {
				BUNDLE_LOADER = "$(TEST_HOST)";
				INFOPLIST_FILE = AECollapsableTableViewDemoTests/Info.plist;
				LD_RUNPATH_SEARCH_PATHS = "$(inherited) @executable_path/Frameworks @loader_path/Frameworks";
				PRODUCT_BUNDLE_IDENTIFIER = com.amberease.AECollapsableTableViewDemoTests;
				PRODUCT_NAME = "$(TARGET_NAME)";
				TEST_HOST = "$(BUILT_PRODUCTS_DIR)/AECollapsableTableViewDemo.app/AECollapsableTableViewDemo";
			};
			name = Release;
		};
		C22197D71D9AD35400AA10E2 /* Debug */ = {
			isa = XCBuildConfiguration;
			buildSettings = {
				INFOPLIST_FILE = AECollapsableTableViewDemoUITests/Info.plist;
				LD_RUNPATH_SEARCH_PATHS = "$(inherited) @executable_path/Frameworks @loader_path/Frameworks";
				PRODUCT_BUNDLE_IDENTIFIER = com.amberease.AECollapsableTableViewDemoUITests;
				PRODUCT_NAME = "$(TARGET_NAME)";
				TEST_TARGET_NAME = AECollapsableTableViewDemo;
			};
			name = Debug;
		};
		C22197D81D9AD35400AA10E2 /* Release */ = {
			isa = XCBuildConfiguration;
			buildSettings = {
				INFOPLIST_FILE = AECollapsableTableViewDemoUITests/Info.plist;
				LD_RUNPATH_SEARCH_PATHS = "$(inherited) @executable_path/Frameworks @loader_path/Frameworks";
				PRODUCT_BUNDLE_IDENTIFIER = com.amberease.AECollapsableTableViewDemoUITests;
				PRODUCT_NAME = "$(TARGET_NAME)";
				TEST_TARGET_NAME = AECollapsableTableViewDemo;
			};
			name = Release;
		};
/* End XCBuildConfiguration section */

/* Begin XCConfigurationList section */
		C221979E1D9AD35400AA10E2 /* Build configuration list for PBXProject "AECollapsableTableViewDemo" */ = {
			isa = XCConfigurationList;
			buildConfigurations = (
				C22197CE1D9AD35400AA10E2 /* Debug */,
				C22197CF1D9AD35400AA10E2 /* Release */,
			);
			defaultConfigurationIsVisible = 0;
			defaultConfigurationName = Release;
		};
		C22197D01D9AD35400AA10E2 /* Build configuration list for PBXNativeTarget "AECollapsableTableViewDemo" */ = {
			isa = XCConfigurationList;
			buildConfigurations = (
				C22197D11D9AD35400AA10E2 /* Debug */,
				C22197D21D9AD35400AA10E2 /* Release */,
			);
			defaultConfigurationIsVisible = 0;
		};
		C22197D31D9AD35400AA10E2 /* Build configuration list for PBXNativeTarget "AECollapsableTableViewDemoTests" */ = {
			isa = XCConfigurationList;
			buildConfigurations = (
				C22197D41D9AD35400AA10E2 /* Debug */,
				C22197D51D9AD35400AA10E2 /* Release */,
			);
			defaultConfigurationIsVisible = 0;
		};
		C22197D61D9AD35400AA10E2 /* Build configuration list for PBXNativeTarget "AECollapsableTableViewDemoUITests" */ = {
			isa = XCConfigurationList;
			buildConfigurations = (
				C22197D71D9AD35400AA10E2 /* Debug */,
				C22197D81D9AD35400AA10E2 /* Release */,
			);
			defaultConfigurationIsVisible = 0;
		};
/* End XCConfigurationList section */
	};
	rootObject = C221979B1D9AD35400AA10E2 /* Project object */;
}
